
Microsoft Visual Studio Solution File, Format Version 12.00
# Visual Studio Version 17
VisualStudioVersion = 17.8.34330.188
MinimumVisualStudioVersion = 10.0.40219.1
Project("{FAE04EC0-301F-11D3-BF4B-00C04F79EFBC}") = "User Management  with Identity", "User Management  with Identity\User Management  with Identity.csproj", "{ACBBA6F9-F98C-4D51-92A2-9FC9B84B12C8}"
EndProject
Global
	GlobalSection(SolutionConfigurationPlatforms) = preSolution
		Debug|Any CPU = Debug|Any CPU
		Release|Any CPU = Release|Any CPU
	EndGlobalSection
	GlobalSection(ProjectConfigurationPlatforms) = postSolution
		{ACBBA6F9-F98C-4D51-92A2-9FC9B84B12C8}.Debug|Any CPU.ActiveCfg = Debug|Any CPU
		{ACBBA6F9-F98C-4D51-92A2-9FC9B84B12C8}.Debug|Any CPU.Build.0 = Debug|Any CPU
		{ACBBA6F9-F98C-4D51-92A2-9FC9B84B12C8}.Release|Any CPU.ActiveCfg = Release|Any CPU
		{ACBBA6F9-F98C-4D51-92A2-9FC9B84B12C8}.Release|Any CPU.Build.0 = Release|Any CPU
	EndGlobalSection
	GlobalSection(SolutionProperties) = preSolution
		HideSolutionNode = FALSE
	EndGlobalSection
	GlobalSection(ExtensibilityGlobals) = postSolution
		SolutionGuid = {3253A9CA-7960-4768-A940-C79F4EC7D0BB}
	EndGlobalSection
EndGlobal
