
Microsoft Visual Studio Solution File, Format Version 12.00
# Visual Studio Version 17
VisualStudioVersion = 17.8.34330.188
MinimumVisualStudioVersion = 10.0.40219.1
Project("{FAE04EC0-301F-11D3-BF4B-00C04F79EFBC}") = "DAL", "DAL\DAL.csproj", "{A386C1B8-2E63-43C8-B821-1C127B6B0862}"
EndProject
Project("{FAE04EC0-301F-11D3-BF4B-00C04F79EFBC}") = "BLL", "BLL\BLL.csproj", "{5801AFFB-4C75-4D57-9511-174061F732D3}"
EndProject
Project("{FAE04EC0-301F-11D3-BF4B-00C04F79EFBC}") = "NorthWind UI", "NorthWind UI\NorthWind UI.csproj", "{6B31555A-E478-4003-9FD5-667A21B9C048}"
EndProject
Global
	GlobalSection(SolutionConfigurationPlatforms) = preSolution
		Debug|Any CPU = Debug|Any CPU
		Release|Any CPU = Release|Any CPU
	EndGlobalSection
	GlobalSection(ProjectConfigurationPlatforms) = postSolution
		{A386C1B8-2E63-43C8-B821-1C127B6B0862}.Debug|Any CPU.ActiveCfg = Debug|Any CPU
		{A386C1B8-2E63-43C8-B821-1C127B6B0862}.Debug|Any CPU.Build.0 = Debug|Any CPU
		{A386C1B8-2E63-43C8-B821-1C127B6B0862}.Release|Any CPU.ActiveCfg = Release|Any CPU
		{A386C1B8-2E63-43C8-B821-1C127B6B0862}.Release|Any CPU.Build.0 = Release|Any CPU
		{5801AFFB-4C75-4D57-9511-174061F732D3}.Debug|Any CPU.ActiveCfg = Debug|Any CPU
		{5801AFFB-4C75-4D57-9511-174061F732D3}.Debug|Any CPU.Build.0 = Debug|Any CPU
		{5801AFFB-4C75-4D57-9511-174061F732D3}.Release|Any CPU.ActiveCfg = Release|Any CPU
		{5801AFFB-4C75-4D57-9511-174061F732D3}.Release|Any CPU.Build.0 = Release|Any CPU
		{6B31555A-E478-4003-9FD5-667A21B9C048}.Debug|Any CPU.ActiveCfg = Debug|Any CPU
		{6B31555A-E478-4003-9FD5-667A21B9C048}.Debug|Any CPU.Build.0 = Debug|Any CPU
		{6B31555A-E478-4003-9FD5-667A21B9C048}.Release|Any CPU.ActiveCfg = Release|Any CPU
		{6B31555A-E478-4003-9FD5-667A21B9C048}.Release|Any CPU.Build.0 = Release|Any CPU
	EndGlobalSection
	GlobalSection(SolutionProperties) = preSolution
		HideSolutionNode = FALSE
	EndGlobalSection
	GlobalSection(ExtensibilityGlobals) = postSolution
		SolutionGuid = {DB8911CF-D151-4E9A-9DFD-180804D08D54}
	EndGlobalSection
EndGlobal
